
Microsoft Visual Studio Solution File, Format Version 12.00
# Visual Studio Version 16
VisualStudioVersion = 16.0.30330.147
MinimumVisualStudioVersion = 10.0.40219.1
Project("{FAE04EC0-301F-11D3-BF4B-00C04F79EFBC}") = "Uplift", "Uplift\Uplift.csproj", "{55455E3D-5D66-4072-B92D-3AFB3B45648F}"
EndProject
Project("{FAE04EC0-301F-11D3-BF4B-00C04F79EFBC}") = "Uplift.DataAccess", "Uplift.DataAccess\Uplift.DataAccess.csproj", "{9F0E5B5C-924B-4380-B66C-856AE5CE3BEF}"
EndProject
Project("{FAE04EC0-301F-11D3-BF4B-00C04F79EFBC}") = "Uplift.Models", "Uplift.Models\Uplift.Models.csproj", "{F00280D9-29E2-42A9-A089-2697E55400B9}"
EndProject
Project("{FAE04EC0-301F-11D3-BF4B-00C04F79EFBC}") = "Uplift.Utility", "Uplift.Utility\Uplift.Utility.csproj", "{93A85EDF-EEC0-43C4-9C84-92D1054AC750}"
EndProject
Global
	GlobalSection(SolutionConfigurationPlatforms) = preSolution
		Debug|Any CPU = Debug|Any CPU
		Release|Any CPU = Release|Any CPU
	EndGlobalSection
	GlobalSection(ProjectConfigurationPlatforms) = postSolution
		{55455E3D-5D66-4072-B92D-3AFB3B45648F}.Debug|Any CPU.ActiveCfg = Debug|Any CPU
		{55455E3D-5D66-4072-B92D-3AFB3B45648F}.Debug|Any CPU.Build.0 = Debug|Any CPU
		{55455E3D-5D66-4072-B92D-3AFB3B45648F}.Release|Any CPU.ActiveCfg = Release|Any CPU
		{55455E3D-5D66-4072-B92D-3AFB3B45648F}.Release|Any CPU.Build.0 = Release|Any CPU
		{9F0E5B5C-924B-4380-B66C-856AE5CE3BEF}.Debug|Any CPU.ActiveCfg = Debug|Any CPU
		{9F0E5B5C-924B-4380-B66C-856AE5CE3BEF}.Debug|Any CPU.Build.0 = Debug|Any CPU
		{9F0E5B5C-924B-4380-B66C-856AE5CE3BEF}.Release|Any CPU.ActiveCfg = Release|Any CPU
		{9F0E5B5C-924B-4380-B66C-856AE5CE3BEF}.Release|Any CPU.Build.0 = Release|Any CPU
		{F00280D9-29E2-42A9-A089-2697E55400B9}.Debug|Any CPU.ActiveCfg = Debug|Any CPU
		{F00280D9-29E2-42A9-A089-2697E55400B9}.Debug|Any CPU.Build.0 = Debug|Any CPU
		{F00280D9-29E2-42A9-A089-2697E55400B9}.Release|Any CPU.ActiveCfg = Release|Any CPU
		{F00280D9-29E2-42A9-A089-2697E55400B9}.Release|Any CPU.Build.0 = Release|Any CPU
		{93A85EDF-EEC0-43C4-9C84-92D1054AC750}.Debug|Any CPU.ActiveCfg = Debug|Any CPU
		{93A85EDF-EEC0-43C4-9C84-92D1054AC750}.Debug|Any CPU.Build.0 = Debug|Any CPU
		{93A85EDF-EEC0-43C4-9C84-92D1054AC750}.Release|Any CPU.ActiveCfg = Release|Any CPU
		{93A85EDF-EEC0-43C4-9C84-92D1054AC750}.Release|Any CPU.Build.0 = Release|Any CPU
	EndGlobalSection
	GlobalSection(SolutionProperties) = preSolution
		HideSolutionNode = FALSE
	EndGlobalSection
	GlobalSection(ExtensibilityGlobals) = postSolution
		SolutionGuid = {B46AB2DC-EDE4-4AC4-965A-2545BD4F3AEC}
	EndGlobalSection
EndGlobal
